Microsoft Visual Studio Solution File, Format Version 12.00
# Visual Studio Version 17
VisualStudioVersion = 17.5.2.0
MinimumVisualStudioVersion = 10.0.40219.1
Project("{FAE04EC0-301F-11D3-BF4B-00C04F79EFBC}") = "LaunchpadX", "LaunchpadX.csproj", "{82726608-EB16-AB16-EA64-2F1F6E6DCE64}"
EndProject
Global
	GlobalSection(SolutionConfigurationPlatforms) = preSolution
		Debug|Any CPU = Debug|Any CPU
		Release|Any CPU = Release|Any CPU
	EndGlobalSection
	GlobalSection(ProjectConfigurationPlatforms) = postSolution
		{82726608-EB16-AB16-EA64-2F1F6E6DCE64}.Debug|Any CPU.ActiveCfg = Debug|Any CPU
		{82726608-EB16-AB16-EA64-2F1F6E6DCE64}.Debug|Any CPU.Build.0 = Debug|Any CPU
		{82726608-EB16-AB16-EA64-2F1F6E6DCE64}.Release|Any CPU.ActiveCfg = Release|Any CPU
		{82726608-EB16-AB16-EA64-2F1F6E6DCE64}.Release|Any CPU.Build.0 = Release|Any CPU
	EndGlobalSection
	GlobalSection(SolutionProperties) = preSolution
		HideSolutionNode = FALSE
	EndGlobalSection
	GlobalSection(ExtensibilityGlobals) = postSolution
		SolutionGuid = {A4DAEACB-6669-4647-89A8-FFB7E027C606}
	EndGlobalSection
EndGlobal
